
Microsoft Visual Studio Solution File, Format Version 12.00
# Visual Studio 15
VisualStudioVersion = 15.0.28307.572
MinimumVisualStudioVersion = 10.0.40219.1
Project("{9A19103F-16F7-4668-BE54-9A1E7A4F7556}") = "Library.Storage.Api", "Library.Storage.Api\Library.Storage.Api.csproj", "{79089741-AA83-470A-90F0-7D5DD430FB04}"
EndProject
Project("{9A19103F-16F7-4668-BE54-9A1E7A4F7556}") = "Library.Storage.Service", "Library.Storage.Service\Library.Storage.Service.csproj", "{921B54CB-3768-4F6C-B44F-1B2DEBC4EFF8}"
EndProject
Project("{9A19103F-16F7-4668-BE54-9A1E7A4F7556}") = "Library.Storage.Service.Data", "Library.Storage.Service.Data\Library.Storage.Service.Data.csproj", "{F4813367-D4F6-4EA6-8DDA-65704B6E9426}"
EndProject
Project("{FAE04EC0-301F-11D3-BF4B-00C04F79EFBC}") = "Library.Storage.Service.Tests", "Library.Storage.Service.Tests\Library.Storage.Service.Tests.csproj", "{41457724-C1E6-4544-A183-A1FB96A6F74D}"
EndProject
Global
	GlobalSection(SolutionConfigurationPlatforms) = preSolution
		Debug|Any CPU = Debug|Any CPU
		Release|Any CPU = Release|Any CPU
	EndGlobalSection
	GlobalSection(ProjectConfigurationPlatforms) = postSolution
		{79089741-AA83-470A-90F0-7D5DD430FB04}.Debug|Any CPU.ActiveCfg = Debug|Any CPU
		{79089741-AA83-470A-90F0-7D5DD430FB04}.Debug|Any CPU.Build.0 = Debug|Any CPU
		{79089741-AA83-470A-90F0-7D5DD430FB04}.Release|Any CPU.ActiveCfg = Release|Any CPU
		{79089741-AA83-470A-90F0-7D5DD430FB04}.Release|Any CPU.Build.0 = Release|Any CPU
		{921B54CB-3768-4F6C-B44F-1B2DEBC4EFF8}.Debug|Any CPU.ActiveCfg = Debug|Any CPU
		{921B54CB-3768-4F6C-B44F-1B2DEBC4EFF8}.Debug|Any CPU.Build.0 = Debug|Any CPU
		{921B54CB-3768-4F6C-B44F-1B2DEBC4EFF8}.Release|Any CPU.ActiveCfg = Release|Any CPU
		{921B54CB-3768-4F6C-B44F-1B2DEBC4EFF8}.Release|Any CPU.Build.0 = Release|Any CPU
		{F4813367-D4F6-4EA6-8DDA-65704B6E9426}.Debug|Any CPU.ActiveCfg = Debug|Any CPU
		{F4813367-D4F6-4EA6-8DDA-65704B6E9426}.Debug|Any CPU.Build.0 = Debug|Any CPU
		{F4813367-D4F6-4EA6-8DDA-65704B6E9426}.Release|Any CPU.ActiveCfg = Release|Any CPU
		{F4813367-D4F6-4EA6-8DDA-65704B6E9426}.Release|Any CPU.Build.0 = Release|Any CPU
		{41457724-C1E6-4544-A183-A1FB96A6F74D}.Debug|Any CPU.ActiveCfg = Debug|Any CPU
		{41457724-C1E6-4544-A183-A1FB96A6F74D}.Debug|Any CPU.Build.0 = Debug|Any CPU
		{41457724-C1E6-4544-A183-A1FB96A6F74D}.Release|Any CPU.ActiveCfg = Release|Any CPU
		{41457724-C1E6-4544-A183-A1FB96A6F74D}.Release|Any CPU.Build.0 = Release|Any CPU
	EndGlobalSection
	GlobalSection(SolutionProperties) = preSolution
		HideSolutionNode = FALSE
	EndGlobalSection
	GlobalSection(ExtensibilityGlobals) = postSolution
		SolutionGuid = {50742C51-F78E-402E-9BCE-7C586253E8CC}
	EndGlobalSection
EndGlobal
